
Microsoft Visual Studio Solution File, Format Version 12.00
# Visual Studio Version 17
VisualStudioVersion = 17.9.34622.214
MinimumVisualStudioVersion = 10.0.40219.1
Project("{9A19103F-16F7-4668-BE54-9A1E7A4F7556}") = "StółBilardowy", "StółBilardowy\StółBilardowy.csproj", "{E276CABA-E7FA-441E-80C1-DD21E4388C28}"
EndProject
Project("{9A19103F-16F7-4668-BE54-9A1E7A4F7556}") = "StółBilardowyTest", "StółBilardowyTest\StółBilardowyTest.csproj", "{EC28C86F-9037-4BE3-8D46-A187D1E13470}"
EndProject
Global
	GlobalSection(SolutionConfigurationPlatforms) = preSolution
		Debug|Any CPU = Debug|Any CPU
		Release|Any CPU = Release|Any CPU
	EndGlobalSection
	GlobalSection(ProjectConfigurationPlatforms) = postSolution
		{E276CABA-E7FA-441E-80C1-DD21E4388C28}.Debug|Any CPU.ActiveCfg = Debug|Any CPU
		{E276CABA-E7FA-441E-80C1-DD21E4388C28}.Debug|Any CPU.Build.0 = Debug|Any CPU
		{E276CABA-E7FA-441E-80C1-DD21E4388C28}.Release|Any CPU.ActiveCfg = Release|Any CPU
		{E276CABA-E7FA-441E-80C1-DD21E4388C28}.Release|Any CPU.Build.0 = Release|Any CPU
		{EC28C86F-9037-4BE3-8D46-A187D1E13470}.Debug|Any CPU.ActiveCfg = Debug|Any CPU
		{EC28C86F-9037-4BE3-8D46-A187D1E13470}.Debug|Any CPU.Build.0 = Debug|Any CPU
		{EC28C86F-9037-4BE3-8D46-A187D1E13470}.Release|Any CPU.ActiveCfg = Release|Any CPU
		{EC28C86F-9037-4BE3-8D46-A187D1E13470}.Release|Any CPU.Build.0 = Release|Any CPU
	EndGlobalSection
	GlobalSection(SolutionProperties) = preSolution
		HideSolutionNode = FALSE
	EndGlobalSection
	GlobalSection(ExtensibilityGlobals) = postSolution
		SolutionGuid = {5ECC545B-41CD-4001-81F4-BB880922CDDA}
	EndGlobalSection
EndGlobal
